// !$*UTF8*$!
{
	archiveVersion = 1;
	classes = {
	};
	objectVersion = 46;
	objects = {

/* Begin PBXBuildFile section */
		637D85B81BE618E100A4BA07 /* AppDelegate.swift in Sources */ = {isa = PBXBuildFile; fileRef = 637D85B71BE618E100A4BA07 /* AppDelegate.swift */; };
		637D85BA1BE618E100A4BA07 /* ViewController.swift in Sources */ = {isa = PBXBuildFile; fileRef = 637D85B91BE618E100A4BA07 /* ViewController.swift */; };
		637D85BD1BE618E200A4BA07 /* Main.storyboard in Resources */ = {isa = PBXBuildFile; fileRef = 637D85BB1BE618E200A4BA07 /* Main.storyboard */; };
		637D85BF1BE618E200A4BA07 /* Assets.xcassets in Resources */ = {isa = PBXBuildFile; fileRef = 637D85BE1BE618E200A4BA07 /* Assets.xcassets */; };
		637D85C21BE618E200A4BA07 /* LaunchScreen.storyboard in Resources */ = {isa = PBXBuildFile; fileRef = 637D85C01BE618E200A4BA07 /* LaunchScreen.storyboard */; };
		637D85CA1BE61B6E00A4BA07 /* side_A_64kb.mp3 in Resources */ = {isa = PBXBuildFile; fileRef = 637D85C91BE61B6E00A4BA07 /* side_A_64kb.mp3 */; settings = {ASSET_TAGS = (); }; };
		637D85CD1BE61C8900A4BA07 /* play@2x.png in Resources */ = {isa = PBXBuildFile; fileRef = 637D85CC1BE61C8900A4BA07 /* play@2x.png */; settings = {ASSET_TAGS = (); }; };
		637D85CF1BE61D3C00A4BA07 /* Pause@2x.png in Resources */ = {isa = PBXBuildFile; fileRef = 637D85CE1BE61D3C00A4BA07 /* Pause@2x.png */; settings = {ASSET_TAGS = (); }; };
		637D85D11BE62A5600A4BA07 /* 02 Soñe.mp3 in Resources */ = {isa = PBXBuildFile; fileRef = 637D85D01BE62A5600A4BA07 /* 02 Soñe.mp3 */; settings = {ASSET_TAGS = (); }; };
		637D85D31BE62DB300A4BA07 /* 09 I Appear Missing.mp3 in Resources */ = {isa = PBXBuildFile; fileRef = 637D85D21BE62DB300A4BA07 /* 09 I Appear Missing.mp3 */; settings = {ASSET_TAGS = (); }; };
		637D85D51BE62E3100A4BA07 /* Queens-Of-the-Stone-Age-1.jpg in Resources */ = {isa = PBXBuildFile; fileRef = 637D85D41BE62E3100A4BA07 /* Queens-Of-the-Stone-Age-1.jpg */; settings = {ASSET_TAGS = (); }; };
/* End PBXBuildFile section */

/* Begin PBXFileReference section */
		637D85B41BE618E100A4BA07 /* App9_PlayMusic.app */ = {isa = PBXFileReference; explicitFileType = wrapper.application; includeInIndex = 0; path = App9_PlayMusic.app; sourceTree = BUILT_PRODUCTS_DIR; };
		637D85B71BE618E100A4BA07 /* AppDelegate.swift */ = {isa = PBXFileReference; lastKnownFileType = sourcecode.swift; path = AppDelegate.swift; sourceTree = "<group>"; };
		637D85B91BE618E100A4BA07 /* ViewController.swift */ = {isa = PBXFileReference; lastKnownFileType = sourcecode.swift; path = ViewController.swift; sourceTree = "<group>"; };
		637D85BC1BE618E200A4BA07 /* Base */ = {isa = PBXFileReference; lastKnownFileType = file.storyboard; name = Base; path = Base.lproj/Main.storyboard; sourceTree = "<group>"; };
		637D85BE1BE618E200A4BA07 /* Assets.xcassets */ = {isa = PBXFileReference; lastKnownFileType = folder.assetcatalog; path = Assets.xcassets; sourceTree = "<group>"; };
		637D85C11BE618E200A4BA07 /* Base */ = {isa = PBXFileReference; lastKnownFileType = file.storyboard; name = Base; path = Base.lproj/LaunchScreen.storyboard; sourceTree = "<group>"; };
		637D85C31BE618E200A4BA07 /* Info.plist */ = {isa = PBXFileReference; lastKnownFileType = text.plist.xml; path = Info.plist; sourceTree = "<group>"; };
		637D85C91BE61B6E00A4BA07 /* side_A_64kb.mp3 */ = {isa = PBXFileReference; lastKnownFileType = audio.mp3; path = side_A_64kb.mp3; sourceTree = "<group>"; };
		637D85CC1BE61C8900A4BA07 /* play@2x.png */ = {isa = PBXFileReference; lastKnownFileType = image.png; path = "play@2x.png"; sourceTree = "<group>"; };
		637D85CE1BE61D3C00A4BA07 /* Pause@2x.png */ = {isa = PBXFileReference; lastKnownFileType = image.png; path = "Pause@2x.png"; sourceTree = "<group>"; };
		637D85D01BE62A5600A4BA07 /* 02 Soñe.mp3 */ = {isa = PBXFileReference; lastKnownFileType = audio.mp3; path = "02 Soñe.mp3"; sourceTree = "<group>"; };
		637D85D21BE62DB300A4BA07 /* 09 I Appear Missing.mp3 */ = {isa = PBXFileReference; lastKnownFileType = audio.mp3; path = "09 I Appear Missing.mp3"; sourceTree = "<group>"; };
		637D85D41BE62E3100A4BA07 /* Queens-Of-the-Stone-Age-1.jpg */ = {isa = PBXFileReference; lastKnownFileType = image.jpeg; path = "Queens-Of-the-Stone-Age-1.jpg"; sourceTree = "<group>"; };
/* End PBXFileReference section */

/* Begin PBXFrameworksBuildPhase section */
		637D85B11BE618E100A4BA07 /* Frameworks */ = {
			isa = PBXFrameworksBuildPhase;
			buildActionMask = 2147483647;
			files = (
			);
			runOnlyForDeploymentPostprocessing = 0;
		};
/* End PBXFrameworksBuildPhase section */

/* Begin PBXGroup section */
		637D85AB1BE618E100A4BA07 = {
			isa = PBXGroup;
			children = (
				637D85B61BE618E100A4BA07 /* App9_PlayMusic */,
				637D85B51BE618E100A4BA07 /* Products */,
			);
			sourceTree = "<group>";
		};
		637D85B51BE618E100A4BA07 /* Products */ = {
			isa = PBXGroup;
			children = (
				637D85B41BE618E100A4BA07 /* App9_PlayMusic.app */,
			);
			name = Products;
			sourceTree = "<group>";
		};
		637D85B61BE618E100A4BA07 /* App9_PlayMusic */ = {
			isa = PBXGroup;
			children = (
				637D85D61BE62E3600A4BA07 /* IMAGES */,
				637D85CB1BE61B7200A4BA07 /* MUSIC */,
				637D85B71BE618E100A4BA07 /* AppDelegate.swift */,
				637D85B91BE618E100A4BA07 /* ViewController.swift */,
				637D85BB1BE618E200A4BA07 /* Main.storyboard */,
				637D85BE1BE618E200A4BA07 /* Assets.xcassets */,
				637D85C01BE618E200A4BA07 /* LaunchScreen.storyboard */,
				637D85C31BE618E200A4BA07 /* Info.plist */,
			);
			path = App9_PlayMusic;
			sourceTree = "<group>";
		};
		637D85CB1BE61B7200A4BA07 /* MUSIC */ = {
			isa = PBXGroup;
			children = (
				637D85D01BE62A5600A4BA07 /* 02 Soñe.mp3 */,
				637D85C91BE61B6E00A4BA07 /* side_A_64kb.mp3 */,
				637D85D21BE62DB300A4BA07 /* 09 I Appear Missing.mp3 */,
			);
			name = MUSIC;
			sourceTree = "<group>";
		};
		637D85D61BE62E3600A4BA07 /* IMAGES */ = {
			isa = PBXGroup;
			children = (
				637D85CC1BE61C8900A4BA07 /* play@2x.png */,
				637D85CE1BE61D3C00A4BA07 /* Pause@2x.png */,
				637D85D41BE62E3100A4BA07 /* Queens-Of-the-Stone-Age-1.jpg */,
			);
			name = IMAGES;
			sourceTree = "<group>";
		};
/* End PBXGroup section */

/* Begin PBXNativeTarget section */
		637D85B31BE618E100A4BA07 /* App9_PlayMusic */ = {
			isa = PBXNativeTarget;
			buildConfigurationList = 637D85C61BE618E200A4BA07 /* Build configuration list for PBXNativeTarget "App9_PlayMusic" */;
			buildPhases = (
				637D85B01BE618E100A4BA07 /* Sources */,
				637D85B11BE618E100A4BA07 /* Frameworks */,
				637D85B21BE618E100A4BA07 /* Resources */,
			);
			buildRules = (
			);
			dependencies = (
			);
			name = App9_PlayMusic;
			productName = App9_PlayMusic;
			productReference = 637D85B41BE618E100A4BA07 /* App9_PlayMusic.app */;
			productType = "com.apple.product-type.application";
		};
/* End PBXNativeTarget section */

/* Begin PBXProject section */
		637D85AC1BE618E100A4BA07 /* Project object */ = {
			isa = PBXProject;
			attributes = {
				LastUpgradeCheck = 0700;
				ORGANIZATIONNAME = iCologic;
				TargetAttributes = {
					637D85B31BE618E100A4BA07 = {
						CreatedOnToolsVersion = 7.0;
					};
				};
			};
			buildConfigurationList = 637D85AF1BE618E100A4BA07 /* Build configuration list for PBXProject "App9_PlayMusic" */;
			compatibilityVersion = "Xcode 3.2";
			developmentRegion = English;
			hasScannedForEncodings = 0;
			knownRegions = (
				en,
				Base,
			);
			mainGroup = 637D85AB1BE618E100A4BA07;
			productRefGroup = 637D85B51BE618E100A4BA07 /* Products */;
			projectDirPath = "";
			projectRoot = "";
			targets = (
				637D85B31BE618E100A4BA07 /* App9_PlayMusic */,
			);
		};
/* End PBXProject section */

/* Begin PBXResourcesBuildPhase section */
		637D85B21BE618E100A4BA07 /* Resources */ = {
			isa = PBXResourcesBuildPhase;
			buildActionMask = 2147483647;
			files = (
				637D85D51BE62E3100A4BA07 /* Queens-Of-the-Stone-Age-1.jpg in Resources */,
				637D85CD1BE61C8900A4BA07 /* play@2x.png in Resources */,
				637D85CA1BE61B6E00A4BA07 /* side_A_64kb.mp3 in Resources */,
				637D85D31BE62DB300A4BA07 /* 09 I Appear Missing.mp3 in Resources */,
				637D85C21BE618E200A4BA07 /* LaunchScreen.storyboard in Resources */,
				637D85CF1BE61D3C00A4BA07 /* Pause@2x.png in Resources */,
				637D85BF1BE618E200A4BA07 /* Assets.xcassets in Resources */,
				637D85BD1BE618E200A4BA07 /* Main.storyboard in Resources */,
				637D85D11BE62A5600A4BA07 /* 02 Soñe.mp3 in Resources */,
			);
			runOnlyForDeploymentPostprocessing = 0;
		};
/* End PBXResourcesBuildPhase section */

/* Begin PBXSourcesBuildPhase section */
		637D85B01BE618E100A4BA07 /* Sources */ = {
			isa = PBXSourcesBuildPhase;
			buildActionMask = 2147483647;
			files = (
				637D85BA1BE618E100A4BA07 /* ViewController.swift in Sources */,
				637D85B81BE618E100A4BA07 /* AppDelegate.swift in Sources */,
			);
			runOnlyForDeploymentPostprocessing = 0;
		};
/* End PBXSourcesBuildPhase section */

/* Begin PBXVariantGroup section */
		637D85BB1BE618E200A4BA07 /* Main.storyboard */ = {
			isa = PBXVariantGroup;
			children = (
				637D85BC1BE618E200A4BA07 /* Base */,
			);
			name = Main.storyboard;
			sourceTree = "<group>";
		};
		637D85C01BE618E200A4BA07 /* LaunchScreen.storyboard */ = {
			isa = PBXVariantGroup;
			children = (
				637D85C11BE618E200A4BA07 /* Base */,
			);
			name = LaunchScreen.storyboard;
			sourceTree = "<group>";
		};
/* End PBXVariantGroup section */

/* Begin XCBuildConfiguration section */
		637D85C41BE618E200A4BA07 /* Debug */ = {
			isa = XCBuildConfiguration;
			buildSettings = {
				ALWAYS_SEARCH_USER_PATHS = NO;
				CLANG_CXX_LANGUAGE_STANDARD = "gnu++0x";
				CLANG_CXX_LIBRARY = "libc++";
				CLANG_ENABLE_MODULES = YES;
				CLANG_ENABLE_OBJC_ARC = YES;
				CLANG_WARN_BOOL_CONVERSION = YES;
				CLANG_WARN_CONSTANT_CONVERSION = YES;
				CLANG_WARN_DIRECT_OBJC_ISA_USAGE = YES_ERROR;
				CLANG_WARN_EMPTY_BODY = YES;
				CLANG_WARN_ENUM_CONVERSION = YES;
				CLANG_WARN_INT_CONVERSION = YES;
				CLANG_WARN_OBJC_ROOT_CLASS = YES_ERROR;
				CLANG_WARN_UNREACHABLE_CODE = YES;
				CLANG_WARN__DUPLICATE_METHOD_MATCH = YES;
				"CODE_SIGN_IDENTITY[sdk=iphoneos*]" = "iPhone Developer";
				COPY_PHASE_STRIP = NO;
				DEBUG_INFORMATION_FORMAT = dwarf;
				ENABLE_STRICT_OBJC_MSGSEND = YES;
				ENABLE_TESTABILITY = YES;
				GCC_C_LANGUAGE_STANDARD = gnu99;
				GCC_DYNAMIC_NO_PIC = NO;
				GCC_NO_COMMON_BLOCKS = YES;
				GCC_OPTIMIZATION_LEVEL = 0;
				GCC_PREPROCESSOR_DEFINITIONS = (
					"DEBUG=1",
					"$(inherited)",
				);
				GCC_WARN_64_TO_32_BIT_CONVERSION = YES;
				GCC_WARN_ABOUT_RETURN_TYPE = YES_ERROR;
				GCC_WARN_UNDECLARED_SELECTOR = YES;
				GCC_WARN_UNINITIALIZED_AUTOS = YES_AGGRESSIVE;
				GCC_WARN_UNUSED_FUNCTION = YES;
				GCC_WARN_UNUSED_VARIABLE = YES;
				IPHONEOS_DEPLOYMENT_TARGET = 9.0;
				MTL_ENABLE_DEBUG_INFO = YES;
				ONLY_ACTIVE_ARCH = YES;
				SDKROOT = iphoneos;
				SWIFT_OPTIMIZATION_LEVEL = "-Onone";
			};
			name = Debug;
		};
		637D85C51BE618E200A4BA07 /* Release */ = {
			isa = XCBuildConfiguration;
			buildSettings = {
				ALWAYS_SEARCH_USER_PATHS = NO;
				CLANG_CXX_LANGUAGE_STANDARD = "gnu++0x";
				CLANG_CXX_LIBRARY = "libc++";
				CLANG_ENABLE_MODULES = YES;
				CLANG_ENABLE_OBJC_ARC = YES;
				CLANG_WARN_BOOL_CONVERSION = YES;
				CLANG_WARN_CONSTANT_CONVERSION = YES;
				CLANG_WARN_DIRECT_OBJC_ISA_USAGE = YES_ERROR;
				CLANG_WARN_EMPTY_BODY = YES;
				CLANG_WARN_ENUM_CONVERSION = YES;
				CLANG_WARN_INT_CONVERSION = YES;
				CLANG_WARN_OBJC_ROOT_CLASS = YES_ERROR;
				CLANG_WARN_UNREACHABLE_CODE = YES;
				CLANG_WARN__DUPLICATE_METHOD_MATCH = YES;
				"CODE_SIGN_IDENTITY[sdk=iphoneos*]" = "iPhone Developer";
				COPY_PHASE_STRIP = NO;
				DEBUG_INFORMATION_FORMAT = "dwarf-with-dsym";
				ENABLE_NS_ASSERTIONS = NO;
				ENABLE_STRICT_OBJC_MSGSEND = YES;
				GCC_C_LANGUAGE_STANDARD = gnu99;
				GCC_NO_COMMON_BLOCKS = YES;
				GCC_WARN_64_TO_32_BIT_CONVERSION = YES;
				GCC_WARN_ABOUT_RETURN_TYPE = YES_ERROR;
				GCC_WARN_UNDECLARED_SELECTOR = YES;
				GCC_WARN_UNINITIALIZED_AUTOS = YES_AGGRESSIVE;
				GCC_WARN_UNUSED_FUNCTION = YES;
				GCC_WARN_UNUSED_VARIABLE = YES;
				IPHONEOS_DEPLOYMENT_TARGET = 9.0;
				MTL_ENABLE_DEBUG_INFO = NO;
				SDKROOT = iphoneos;
				VALIDATE_PRODUCT = YES;
			};
			name = Release;
		};
		637D85C71BE618E200A4BA07 /* Debug */ = {
			isa = XCBuildConfiguration;
			buildSettings = {
				ASSETCATALOG_COMPILER_APPICON_NAME = AppIcon;
				INFOPLIST_FILE = App9_PlayMusic/Info.plist;
				LD_RUNPATH_SEARCH_PATHS = "$(inherited) @executable_path/Frameworks";
				PRODUCT_BUNDLE_IDENTIFIER = "com.icologic.App9-PlayMusic";
				PRODUCT_NAME = "$(TARGET_NAME)";
			};
			name = Debug;
		};
		637D85C81BE618E200A4BA07 /* Release */ = {
			isa = XCBuildConfiguration;
			buildSettings = {
				ASSETCATALOG_COMPILER_APPICON_NAME = AppIcon;
				INFOPLIST_FILE = App9_PlayMusic/Info.plist;
				LD_RUNPATH_SEARCH_PATHS = "$(inherited) @executable_path/Frameworks";
				PRODUCT_BUNDLE_IDENTIFIER = "com.icologic.App9-PlayMusic";
				PRODUCT_NAME = "$(TARGET_NAME)";
			};
			name = Release;
		};
/* End XCBuildConfiguration section */

/* Begin XCConfigurationList section */
		637D85AF1BE618E100A4BA07 /* Build configuration list for PBXProject "App9_PlayMusic" */ = {
			isa = XCConfigurationList;
			buildConfigurations = (
				637D85C41BE618E200A4BA07 /* Debug */,
				637D85C51BE618E200A4BA07 /* Release */,
			);
			defaultConfigurationIsVisible = 0;
			defaultConfigurationName = Release;
		};
		637D85C61BE618E200A4BA07 /* Build configuration list for PBXNativeTarget "App9_PlayMusic" */ = {
			isa = XCConfigurationList;
			buildConfigurations = (
				637D85C71BE618E200A4BA07 /* Debug */,
				637D85C81BE618E200A4BA07 /* Release */,
			);
			defaultConfigurationIsVisible = 0;
		};
/* End XCConfigurationList section */
	};
	rootObject = 637D85AC1BE618E100A4BA07 /* Project object */;
}
